
Microsoft Visual Studio Solution File, Format Version 12.00
# Visual Studio Version 17
VisualStudioVersion = 17.4.33205.214
MinimumVisualStudioVersion = 10.0.40219.1
Project("{FAE04EC0-301F-11D3-BF4B-00C04F79EFBC}") = "sort", "sort\sort.csproj", "{90998F53-2E70-4093-8763-2781CB4FDD3D}"
EndProject
Global
	GlobalSection(SolutionConfigurationPlatforms) = preSolution
		Debug|Any CPU = Debug|Any CPU
		Release|Any CPU = Release|Any CPU
	EndGlobalSection
	GlobalSection(ProjectConfigurationPlatforms) = postSolution
		{90998F53-2E70-4093-8763-2781CB4FDD3D}.Debug|Any CPU.ActiveCfg = Debug|Any CPU
		{90998F53-2E70-4093-8763-2781CB4FDD3D}.Debug|Any CPU.Build.0 = Debug|Any CPU
		{90998F53-2E70-4093-8763-2781CB4FDD3D}.Release|Any CPU.ActiveCfg = Release|Any CPU
		{90998F53-2E70-4093-8763-2781CB4FDD3D}.Release|Any CPU.Build.0 = Release|Any CPU
	EndGlobalSection
	GlobalSection(SolutionProperties) = preSolution
		HideSolutionNode = FALSE
	EndGlobalSection
	GlobalSection(ExtensibilityGlobals) = postSolution
		SolutionGuid = {F79B5D73-3B62-411B-A167-447521C4CC10}
	EndGlobalSection
EndGlobal
